
Microsoft Visual Studio Solution File, Format Version 12.00
# Visual Studio Version 17
VisualStudioVersion = 17.0.32112.339
MinimumVisualStudioVersion = 10.0.40219.1
Project("{2150E333-8FDC-42A3-9474-1A3956D46DE8}") = "0. Solution Items", "0. Solution Items", "{35174493-07AF-459A-8B85-1B7325643EE1}"
	ProjectSection(SolutionItems) = preProject
		README.txt = README.txt
	EndProjectSection
EndProject
Project("{9A19103F-16F7-4668-BE54-9A1E7A4F7556}") = "bookShopSolution.Data", "bookShopSolution.Data\bookShopSolution.Data.csproj", "{F8F6BBB7-44D5-4A9A-8755-B5E170FDE601}"
EndProject
Project("{9A19103F-16F7-4668-BE54-9A1E7A4F7556}") = "bookShopSolution.Application", "bookShopSolution.Application\bookShopSolution.Application.csproj", "{597EC2C9-AE6F-4138-9EF4-449C42CF8DAD}"
EndProject
Project("{9A19103F-16F7-4668-BE54-9A1E7A4F7556}") = "bookShopSolution.Utilities", "bookShopSolution.Utilities\bookShopSolution.Utilities.csproj", "{EF73E3D3-0E08-4044-A424-FB20A4D4392A}"
EndProject
Project("{9A19103F-16F7-4668-BE54-9A1E7A4F7556}") = "bookShopSolution.ViewModels", "bookShopSolution.ViewModels\bookShopSolution.ViewModels.csproj", "{B654EC1B-E225-4819-8F99-72B7E00162F1}"
EndProject
Project("{9A19103F-16F7-4668-BE54-9A1E7A4F7556}") = "bookShopSolution.BackendApi", "bookShopSolution.BackendApi\bookShopSolution.BackendApi.csproj", "{11C784BE-0ADD-49CF-8770-7D1F95D34FC5}"
EndProject
Project("{2150E333-8FDC-42A3-9474-1A3956D46DE8}") = "1. Infrastructure", "1. Infrastructure", "{CBAF2F0E-171A-413E-AA82-EF12D33F7779}"
EndProject
Project("{2150E333-8FDC-42A3-9474-1A3956D46DE8}") = "2. Domain", "2. Domain", "{EA8DA558-6321-4748-99AC-9AE2A5D62270}"
EndProject
Project("{2150E333-8FDC-42A3-9474-1A3956D46DE8}") = "3. Hosts", "3. Hosts", "{96D6C06D-18AE-4A90-8D75-D1874C5B54A6}"
EndProject
Project("{54A90642-561A-4BB1-A94E-469ADEE60C69}") = "bookShopSolution.AdminApp", "bookShopSolution.AdminApp\bookShopSolution.AdminApp.esproj", "{9B520AA6-87D3-4BFB-A746-1780F12A491B}"
EndProject
Project("{9A19103F-16F7-4668-BE54-9A1E7A4F7556}") = "bookShopSolution.WebApp", "bookShopSolution.WebApp\bookShopSolution.WebApp.csproj", "{860BC1AD-023C-4427-962C-70A0E84E6C67}"
EndProject
Project("{2150E333-8FDC-42A3-9474-1A3956D46DE8}") = "4. Tests", "4. Tests", "{185EF66D-70D0-48B9-8B68-28F9A741ADF1}"
EndProject
Project("{FAE04EC0-301F-11D3-BF4B-00C04F79EFBC}") = "bookShopSulotion.UnitTests", "bookShopSulotion.UnitTests\bookShopSulotion.UnitTests.csproj", "{9DDEC6EA-BD30-4518-B33A-4FEBA22684DE}"
EndProject
Global
	GlobalSection(SolutionConfigurationPlatforms) = preSolution
		Debug|Any CPU = Debug|Any CPU
		Release|Any CPU = Release|Any CPU
	EndGlobalSection
	GlobalSection(ProjectConfigurationPlatforms) = postSolution
		{F8F6BBB7-44D5-4A9A-8755-B5E170FDE601}.Debug|Any CPU.ActiveCfg = Debug|Any CPU
		{F8F6BBB7-44D5-4A9A-8755-B5E170FDE601}.Debug|Any CPU.Build.0 = Debug|Any CPU
		{F8F6BBB7-44D5-4A9A-8755-B5E170FDE601}.Release|Any CPU.ActiveCfg = Release|Any CPU
		{F8F6BBB7-44D5-4A9A-8755-B5E170FDE601}.Release|Any CPU.Build.0 = Release|Any CPU
		{597EC2C9-AE6F-4138-9EF4-449C42CF8DAD}.Debug|Any CPU.ActiveCfg = Debug|Any CPU
		{597EC2C9-AE6F-4138-9EF4-449C42CF8DAD}.Debug|Any CPU.Build.0 = Debug|Any CPU
		{597EC2C9-AE6F-4138-9EF4-449C42CF8DAD}.Release|Any CPU.ActiveCfg = Release|Any CPU
		{597EC2C9-AE6F-4138-9EF4-449C42CF8DAD}.Release|Any CPU.Build.0 = Release|Any CPU
		{EF73E3D3-0E08-4044-A424-FB20A4D4392A}.Debug|Any CPU.ActiveCfg = Debug|Any CPU
		{EF73E3D3-0E08-4044-A424-FB20A4D4392A}.Debug|Any CPU.Build.0 = Debug|Any CPU
		{EF73E3D3-0E08-4044-A424-FB20A4D4392A}.Release|Any CPU.ActiveCfg = Release|Any CPU
		{EF73E3D3-0E08-4044-A424-FB20A4D4392A}.Release|Any CPU.Build.0 = Release|Any CPU
		{B654EC1B-E225-4819-8F99-72B7E00162F1}.Debug|Any CPU.ActiveCfg = Debug|Any CPU
		{B654EC1B-E225-4819-8F99-72B7E00162F1}.Debug|Any CPU.Build.0 = Debug|Any CPU
		{B654EC1B-E225-4819-8F99-72B7E00162F1}.Release|Any CPU.ActiveCfg = Release|Any CPU
		{B654EC1B-E225-4819-8F99-72B7E00162F1}.Release|Any CPU.Build.0 = Release|Any CPU
		{11C784BE-0ADD-49CF-8770-7D1F95D34FC5}.Debug|Any CPU.ActiveCfg = Debug|Any CPU
		{11C784BE-0ADD-49CF-8770-7D1F95D34FC5}.Debug|Any CPU.Build.0 = Debug|Any CPU
		{11C784BE-0ADD-49CF-8770-7D1F95D34FC5}.Release|Any CPU.ActiveCfg = Release|Any CPU
		{11C784BE-0ADD-49CF-8770-7D1F95D34FC5}.Release|Any CPU.Build.0 = Release|Any CPU
		{9B520AA6-87D3-4BFB-A746-1780F12A491B}.Debug|Any CPU.ActiveCfg = Debug|Any CPU
		{9B520AA6-87D3-4BFB-A746-1780F12A491B}.Debug|Any CPU.Build.0 = Debug|Any CPU
		{9B520AA6-87D3-4BFB-A746-1780F12A491B}.Debug|Any CPU.Deploy.0 = Debug|Any CPU
		{9B520AA6-87D3-4BFB-A746-1780F12A491B}.Release|Any CPU.ActiveCfg = Release|Any CPU
		{9B520AA6-87D3-4BFB-A746-1780F12A491B}.Release|Any CPU.Build.0 = Release|Any CPU
		{9B520AA6-87D3-4BFB-A746-1780F12A491B}.Release|Any CPU.Deploy.0 = Release|Any CPU
		{860BC1AD-023C-4427-962C-70A0E84E6C67}.Debug|Any CPU.ActiveCfg = Debug|Any CPU
		{860BC1AD-023C-4427-962C-70A0E84E6C67}.Debug|Any CPU.Build.0 = Debug|Any CPU
		{860BC1AD-023C-4427-962C-70A0E84E6C67}.Release|Any CPU.ActiveCfg = Release|Any CPU
		{860BC1AD-023C-4427-962C-70A0E84E6C67}.Release|Any CPU.Build.0 = Release|Any CPU
		{9DDEC6EA-BD30-4518-B33A-4FEBA22684DE}.Debug|Any CPU.ActiveCfg = Debug|Any CPU
		{9DDEC6EA-BD30-4518-B33A-4FEBA22684DE}.Debug|Any CPU.Build.0 = Debug|Any CPU
		{9DDEC6EA-BD30-4518-B33A-4FEBA22684DE}.Release|Any CPU.ActiveCfg = Release|Any CPU
		{9DDEC6EA-BD30-4518-B33A-4FEBA22684DE}.Release|Any CPU.Build.0 = Release|Any CPU
	EndGlobalSection
	GlobalSection(SolutionProperties) = preSolution
		HideSolutionNode = FALSE
	EndGlobalSection
	GlobalSection(NestedProjects) = preSolution
		{F8F6BBB7-44D5-4A9A-8755-B5E170FDE601} = {EA8DA558-6321-4748-99AC-9AE2A5D62270}
		{597EC2C9-AE6F-4138-9EF4-449C42CF8DAD} = {EA8DA558-6321-4748-99AC-9AE2A5D62270}
		{EF73E3D3-0E08-4044-A424-FB20A4D4392A} = {CBAF2F0E-171A-413E-AA82-EF12D33F7779}
		{B654EC1B-E225-4819-8F99-72B7E00162F1} = {CBAF2F0E-171A-413E-AA82-EF12D33F7779}
		{11C784BE-0ADD-49CF-8770-7D1F95D34FC5} = {96D6C06D-18AE-4A90-8D75-D1874C5B54A6}
		{9B520AA6-87D3-4BFB-A746-1780F12A491B} = {96D6C06D-18AE-4A90-8D75-D1874C5B54A6}
		{860BC1AD-023C-4427-962C-70A0E84E6C67} = {96D6C06D-18AE-4A90-8D75-D1874C5B54A6}
		{9DDEC6EA-BD30-4518-B33A-4FEBA22684DE} = {185EF66D-70D0-48B9-8B68-28F9A741ADF1}
	EndGlobalSection
	GlobalSection(ExtensibilityGlobals) = postSolution
		SolutionGuid = {78ABD25E-CF7F-41F8-B107-68BA9B007106}
	EndGlobalSection
EndGlobal
